
Microsoft Visual Studio Solution File, Format Version 12.00
# Visual Studio 15
Project("{FAE04EC0-301F-11D3-BF4B-00C04F79EFBC}") = "Assembly-CSharp", "Assembly-CSharp.csproj", "{F9FCE2BE-7D22-0328-7001-8BA61416756A}"
EndProject
Project("{FAE04EC0-301F-11D3-BF4B-00C04F79EFBC}") = "Assembly-CSharp-Editor", "Assembly-CSharp-Editor.csproj", "{ACB73443-7598-F82B-4E95-BF59DDD3A1A2}"
EndProject
Global
	GlobalSection(SolutionConfigurationPlatforms) = preSolution
		Debug|Any CPU = Debug|Any CPU
		Release|Any CPU = Release|Any CPU
	EndGlobalSection
	GlobalSection(ProjectConfigurationPlatforms) = postSolution
		{F9FCE2BE-7D22-0328-7001-8BA61416756A}.Debug|Any CPU.ActiveCfg = Debug|Any CPU
		{F9FCE2BE-7D22-0328-7001-8BA61416756A}.Debug|Any CPU.Build.0 = Debug|Any CPU
		{F9FCE2BE-7D22-0328-7001-8BA61416756A}.Release|Any CPU.ActiveCfg = Release|Any CPU
		{F9FCE2BE-7D22-0328-7001-8BA61416756A}.Release|Any CPU.Build.0 = Release|Any CPU
		{ACB73443-7598-F82B-4E95-BF59DDD3A1A2}.Debug|Any CPU.ActiveCfg = Debug|Any CPU
		{ACB73443-7598-F82B-4E95-BF59DDD3A1A2}.Debug|Any CPU.Build.0 = Debug|Any CPU
		{ACB73443-7598-F82B-4E95-BF59DDD3A1A2}.Release|Any CPU.ActiveCfg = Release|Any CPU
		{ACB73443-7598-F82B-4E95-BF59DDD3A1A2}.Release|Any CPU.Build.0 = Release|Any CPU
	EndGlobalSection
	GlobalSection(SolutionProperties) = preSolution
		HideSolutionNode = FALSE
	EndGlobalSection
	GlobalSection(MonoDevelopProperties) = preSolution
		StartupItem = Assembly-CSharp.csproj
	EndGlobalSection
EndGlobal
